
Microsoft Visual Studio Solution File, Format Version 12.00
# Visual Studio Version 17
VisualStudioVersion = 17.8.34316.72
MinimumVisualStudioVersion = 10.0.40219.1
Project("{9A19103F-16F7-4668-BE54-9A1E7A4F7556}") = "BulkyWeb", "BulkyWeb\BulkyWeb.csproj", "{728429BB-98EA-4F4A-8A66-246B9800DF7B}"
EndProject
Project("{FAE04EC0-301F-11D3-BF4B-00C04F79EFBC}") = "Bulky.DataAccess", "Bulky.DataAccess\Bulky.DataAccess.csproj", "{F2DA359D-DEC9-4523-B27C-BE42EC2461C0}"
EndProject
Project("{FAE04EC0-301F-11D3-BF4B-00C04F79EFBC}") = "Bulky.Models", "Bulky.Models\Bulky.Models.csproj", "{52EE2B3E-F8EF-449F-B534-A5E324A19B20}"
EndProject
Project("{FAE04EC0-301F-11D3-BF4B-00C04F79EFBC}") = "Bulky.Utility", "Bulky.Utility\Bulky.Utility.csproj", "{9E6EC8EE-E551-477B-AC81-21D36F09F917}"
EndProject
Global
	GlobalSection(SolutionConfigurationPlatforms) = preSolution
		Debug|Any CPU = Debug|Any CPU
		Release|Any CPU = Release|Any CPU
	EndGlobalSection
	GlobalSection(ProjectConfigurationPlatforms) = postSolution
		{728429BB-98EA-4F4A-8A66-246B9800DF7B}.Debug|Any CPU.ActiveCfg = Debug|Any CPU
		{728429BB-98EA-4F4A-8A66-246B9800DF7B}.Debug|Any CPU.Build.0 = Debug|Any CPU
		{728429BB-98EA-4F4A-8A66-246B9800DF7B}.Release|Any CPU.ActiveCfg = Release|Any CPU
		{728429BB-98EA-4F4A-8A66-246B9800DF7B}.Release|Any CPU.Build.0 = Release|Any CPU
		{F2DA359D-DEC9-4523-B27C-BE42EC2461C0}.Debug|Any CPU.ActiveCfg = Debug|Any CPU
		{F2DA359D-DEC9-4523-B27C-BE42EC2461C0}.Debug|Any CPU.Build.0 = Debug|Any CPU
		{F2DA359D-DEC9-4523-B27C-BE42EC2461C0}.Release|Any CPU.ActiveCfg = Release|Any CPU
		{F2DA359D-DEC9-4523-B27C-BE42EC2461C0}.Release|Any CPU.Build.0 = Release|Any CPU
		{52EE2B3E-F8EF-449F-B534-A5E324A19B20}.Debug|Any CPU.ActiveCfg = Debug|Any CPU
		{52EE2B3E-F8EF-449F-B534-A5E324A19B20}.Debug|Any CPU.Build.0 = Debug|Any CPU
		{52EE2B3E-F8EF-449F-B534-A5E324A19B20}.Release|Any CPU.ActiveCfg = Release|Any CPU
		{52EE2B3E-F8EF-449F-B534-A5E324A19B20}.Release|Any CPU.Build.0 = Release|Any CPU
		{9E6EC8EE-E551-477B-AC81-21D36F09F917}.Debug|Any CPU.ActiveCfg = Debug|Any CPU
		{9E6EC8EE-E551-477B-AC81-21D36F09F917}.Debug|Any CPU.Build.0 = Debug|Any CPU
		{9E6EC8EE-E551-477B-AC81-21D36F09F917}.Release|Any CPU.ActiveCfg = Release|Any CPU
		{9E6EC8EE-E551-477B-AC81-21D36F09F917}.Release|Any CPU.Build.0 = Release|Any CPU
	EndGlobalSection
	GlobalSection(SolutionProperties) = preSolution
		HideSolutionNode = FALSE
	EndGlobalSection
	GlobalSection(ExtensibilityGlobals) = postSolution
		SolutionGuid = {07F9739F-A338-4867-9D09-03853A33EDB7}
	EndGlobalSection
EndGlobal
